
Microsoft Visual Studio Solution File, Format Version 12.00
# Visual Studio Version 16
VisualStudioVersion = 16.0.29509.3
MinimumVisualStudioVersion = 10.0.40219.1
Project("{FAE04EC0-301F-11D3-BF4B-00C04F79EFBC}") = "eVotingSystem.CORE", "eVotingSystem.CORE\eVotingSystem.CORE.csproj", "{730F52B5-924F-4374-8BED-1EE5AE5AFD2A}"
EndProject
Project("{FAE04EC0-301F-11D3-BF4B-00C04F79EFBC}") = "eVotingSystem.DAL", "eVotingSystem.DAL\eVotingSystem.DAL.csproj", "{40514759-EB67-4232-AFB0-5169507B6763}"
EndProject
Project("{FAE04EC0-301F-11D3-BF4B-00C04F79EFBC}") = "eVotingSystem.WebAPI", "eVotingSystem.WebAPI\eVotingSystem.WebAPI.csproj", "{FD30A58D-E6FA-4DFE-A1EC-023F1F627B6E}"
EndProject
Project("{2150E333-8FDC-42A3-9474-1A3956D46DE8}") = "UI", "UI", "{CA6C65A0-E618-4907-9013-B3CCB372C47F}"
EndProject
Project("{2150E333-8FDC-42A3-9474-1A3956D46DE8}") = "Mobile", "Mobile", "{1AE05A21-90C7-493A-9BFC-F53D8F58FB2A}"
EndProject
Project("{FAE04EC0-301F-11D3-BF4B-00C04F79EFBC}") = "eVotingSystem.Mobile.UWP", "eVotingSystem.Mobile\eVotingSystem.Mobile.UWP\eVotingSystem.Mobile.UWP.csproj", "{00AF172A-31A7-458A-982E-C67380C7C839}"
EndProject
Project("{FAE04EC0-301F-11D3-BF4B-00C04F79EFBC}") = "eVotingSystem.Mobile.Android", "eVotingSystem.Mobile\eVotingSystem.Mobile.Android\eVotingSystem.Mobile.Android.csproj", "{FA93717C-BE13-4D66-8252-66EA9B662A45}"
EndProject
Project("{FAE04EC0-301F-11D3-BF4B-00C04F79EFBC}") = "eVotingSystem.Mobile.iOS", "eVotingSystem.Mobile\eVotingSystem.Mobile.iOS\eVotingSystem.Mobile.iOS.csproj", "{F8E09EA7-86F6-4974-B4FE-184A6FEADBB9}"
EndProject
Project("{FAE04EC0-301F-11D3-BF4B-00C04F79EFBC}") = "eVotingSystem.Mobile", "eVotingSystem.Mobile\eVotingSystem.Mobile\eVotingSystem.Mobile.csproj", "{458981D0-1B1B-495E-9055-36285EE8F468}"
EndProject
Project("{FAE04EC0-301F-11D3-BF4B-00C04F79EFBC}") = "eVotingSystem.Desktop", "eVotingSystem.Desktop\eVotingSystem.Desktop.csproj", "{234BC592-135E-415D-941D-A6B80C324674}"
EndProject
Global
	GlobalSection(SolutionConfigurationPlatforms) = preSolution
		Debug|Any CPU = Debug|Any CPU
		Debug|ARM = Debug|ARM
		Debug|iPhone = Debug|iPhone
		Debug|iPhoneSimulator = Debug|iPhoneSimulator
		Debug|x64 = Debug|x64
		Debug|x86 = Debug|x86
		Release|Any CPU = Release|Any CPU
		Release|ARM = Release|ARM
		Release|iPhone = Release|iPhone
		Release|iPhoneSimulator = Release|iPhoneSimulator
		Release|x64 = Release|x64
		Release|x86 = Release|x86
	EndGlobalSection
	GlobalSection(ProjectConfigurationPlatforms) = postSolution
		{730F52B5-924F-4374-8BED-1EE5AE5AFD2A}.Debug|Any CPU.ActiveCfg = Debug|Any CPU
		{730F52B5-924F-4374-8BED-1EE5AE5AFD2A}.Debug|Any CPU.Build.0 = Debug|Any CPU
		{730F52B5-924F-4374-8BED-1EE5AE5AFD2A}.Debug|ARM.ActiveCfg = Debug|Any CPU
		{730F52B5-924F-4374-8BED-1EE5AE5AFD2A}.Debug|ARM.Build.0 = Debug|Any CPU
		{730F52B5-924F-4374-8BED-1EE5AE5AFD2A}.Debug|iPhone.ActiveCfg = Debug|Any CPU
		{730F52B5-924F-4374-8BED-1EE5AE5AFD2A}.Debug|iPhone.Build.0 = Debug|Any CPU
		{730F52B5-924F-4374-8BED-1EE5AE5AFD2A}.Debug|iPhoneSimulator.ActiveCfg = Debug|Any CPU
		{730F52B5-924F-4374-8BED-1EE5AE5AFD2A}.Debug|iPhoneSimulator.Build.0 = Debug|Any CPU
		{730F52B5-924F-4374-8BED-1EE5AE5AFD2A}.Debug|x64.ActiveCfg = Debug|Any CPU
		{730F52B5-924F-4374-8BED-1EE5AE5AFD2A}.Debug|x64.Build.0 = Debug|Any CPU
		{730F52B5-924F-4374-8BED-1EE5AE5AFD2A}.Debug|x86.ActiveCfg = Debug|Any CPU
		{730F52B5-924F-4374-8BED-1EE5AE5AFD2A}.Debug|x86.Build.0 = Debug|Any CPU
		{730F52B5-924F-4374-8BED-1EE5AE5AFD2A}.Release|Any CPU.ActiveCfg = Release|Any CPU
		{730F52B5-924F-4374-8BED-1EE5AE5AFD2A}.Release|Any CPU.Build.0 = Release|Any CPU
		{730F52B5-924F-4374-8BED-1EE5AE5AFD2A}.Release|ARM.ActiveCfg = Release|Any CPU
		{730F52B5-924F-4374-8BED-1EE5AE5AFD2A}.Release|ARM.Build.0 = Release|Any CPU
		{730F52B5-924F-4374-8BED-1EE5AE5AFD2A}.Release|iPhone.ActiveCfg = Release|Any CPU
		{730F52B5-924F-4374-8BED-1EE5AE5AFD2A}.Release|iPhone.Build.0 = Release|Any CPU
		{730F52B5-924F-4374-8BED-1EE5AE5AFD2A}.Release|iPhoneSimulator.ActiveCfg = Release|Any CPU
		{730F52B5-924F-4374-8BED-1EE5AE5AFD2A}.Release|iPhoneSimulator.Build.0 = Release|Any CPU
		{730F52B5-924F-4374-8BED-1EE5AE5AFD2A}.Release|x64.ActiveCfg = Release|Any CPU
		{730F52B5-924F-4374-8BED-1EE5AE5AFD2A}.Release|x64.Build.0 = Release|Any CPU
		{730F52B5-924F-4374-8BED-1EE5AE5AFD2A}.Release|x86.ActiveCfg = Release|Any CPU
		{730F52B5-924F-4374-8BED-1EE5AE5AFD2A}.Release|x86.Build.0 = Release|Any CPU
		{40514759-EB67-4232-AFB0-5169507B6763}.Debug|Any CPU.ActiveCfg = Debug|Any CPU
		{40514759-EB67-4232-AFB0-5169507B6763}.Debug|Any CPU.Build.0 = Debug|Any CPU
		{40514759-EB67-4232-AFB0-5169507B6763}.Debug|ARM.ActiveCfg = Debug|Any CPU
		{40514759-EB67-4232-AFB0-5169507B6763}.Debug|ARM.Build.0 = Debug|Any CPU
		{40514759-EB67-4232-AFB0-5169507B6763}.Debug|iPhone.ActiveCfg = Debug|Any CPU
		{40514759-EB67-4232-AFB0-5169507B6763}.Debug|iPhone.Build.0 = Debug|Any CPU
		{40514759-EB67-4232-AFB0-5169507B6763}.Debug|iPhoneSimulator.ActiveCfg = Debug|Any CPU
		{40514759-EB67-4232-AFB0-5169507B6763}.Debug|iPhoneSimulator.Build.0 = Debug|Any CPU
		{40514759-EB67-4232-AFB0-5169507B6763}.Debug|x64.ActiveCfg = Debug|Any CPU
		{40514759-EB67-4232-AFB0-5169507B6763}.Debug|x64.Build.0 = Debug|Any CPU
		{40514759-EB67-4232-AFB0-5169507B6763}.Debug|x86.ActiveCfg = Debug|Any CPU
		{40514759-EB67-4232-AFB0-5169507B6763}.Debug|x86.Build.0 = Debug|Any CPU
		{40514759-EB67-4232-AFB0-5169507B6763}.Release|Any CPU.ActiveCfg = Release|Any CPU
		{40514759-EB67-4232-AFB0-5169507B6763}.Release|Any CPU.Build.0 = Release|Any CPU
		{40514759-EB67-4232-AFB0-5169507B6763}.Release|ARM.ActiveCfg = Release|Any CPU
		{40514759-EB67-4232-AFB0-5169507B6763}.Release|ARM.Build.0 = Release|Any CPU
		{40514759-EB67-4232-AFB0-5169507B6763}.Release|iPhone.ActiveCfg = Release|Any CPU
		{40514759-EB67-4232-AFB0-5169507B6763}.Release|iPhone.Build.0 = Release|Any CPU
		{40514759-EB67-4232-AFB0-5169507B6763}.Release|iPhoneSimulator.ActiveCfg = Release|Any CPU
		{40514759-EB67-4232-AFB0-5169507B6763}.Release|iPhoneSimulator.Build.0 = Release|Any CPU
		{40514759-EB67-4232-AFB0-5169507B6763}.Release|x64.ActiveCfg = Release|Any CPU
		{40514759-EB67-4232-AFB0-5169507B6763}.Release|x64.Build.0 = Release|Any CPU
		{40514759-EB67-4232-AFB0-5169507B6763}.Release|x86.ActiveCfg = Release|Any CPU
		{40514759-EB67-4232-AFB0-5169507B6763}.Release|x86.Build.0 = Release|Any CPU
		{FD30A58D-E6FA-4DFE-A1EC-023F1F627B6E}.Debug|Any CPU.ActiveCfg = Debug|Any CPU
		{FD30A58D-E6FA-4DFE-A1EC-023F1F627B6E}.Debug|Any CPU.Build.0 = Debug|Any CPU
		{FD30A58D-E6FA-4DFE-A1EC-023F1F627B6E}.Debug|ARM.ActiveCfg = Debug|Any CPU
		{FD30A58D-E6FA-4DFE-A1EC-023F1F627B6E}.Debug|ARM.Build.0 = Debug|Any CPU
		{FD30A58D-E6FA-4DFE-A1EC-023F1F627B6E}.Debug|iPhone.ActiveCfg = Debug|Any CPU
		{FD30A58D-E6FA-4DFE-A1EC-023F1F627B6E}.Debug|iPhone.Build.0 = Debug|Any CPU
		{FD30A58D-E6FA-4DFE-A1EC-023F1F627B6E}.Debug|iPhoneSimulator.ActiveCfg = Debug|Any CPU
		{FD30A58D-E6FA-4DFE-A1EC-023F1F627B6E}.Debug|iPhoneSimulator.Build.0 = Debug|Any CPU
		{FD30A58D-E6FA-4DFE-A1EC-023F1F627B6E}.Debug|x64.ActiveCfg = Debug|Any CPU
		{FD30A58D-E6FA-4DFE-A1EC-023F1F627B6E}.Debug|x64.Build.0 = Debug|Any CPU
		{FD30A58D-E6FA-4DFE-A1EC-023F1F627B6E}.Debug|x86.ActiveCfg = Debug|Any CPU
		{FD30A58D-E6FA-4DFE-A1EC-023F1F627B6E}.Debug|x86.Build.0 = Debug|Any CPU
		{FD30A58D-E6FA-4DFE-A1EC-023F1F627B6E}.Release|Any CPU.ActiveCfg = Release|Any CPU
		{FD30A58D-E6FA-4DFE-A1EC-023F1F627B6E}.Release|Any CPU.Build.0 = Release|Any CPU
		{FD30A58D-E6FA-4DFE-A1EC-023F1F627B6E}.Release|ARM.ActiveCfg = Release|Any CPU
		{FD30A58D-E6FA-4DFE-A1EC-023F1F627B6E}.Release|ARM.Build.0 = Release|Any CPU
		{FD30A58D-E6FA-4DFE-A1EC-023F1F627B6E}.Release|iPhone.ActiveCfg = Release|Any CPU
		{FD30A58D-E6FA-4DFE-A1EC-023F1F627B6E}.Release|iPhone.Build.0 = Release|Any CPU
		{FD30A58D-E6FA-4DFE-A1EC-023F1F627B6E}.Release|iPhoneSimulator.ActiveCfg = Release|Any CPU
		{FD30A58D-E6FA-4DFE-A1EC-023F1F627B6E}.Release|iPhoneSimulator.Build.0 = Release|Any CPU
		{FD30A58D-E6FA-4DFE-A1EC-023F1F627B6E}.Release|x64.ActiveCfg = Release|Any CPU
		{FD30A58D-E6FA-4DFE-A1EC-023F1F627B6E}.Release|x64.Build.0 = Release|Any CPU
		{FD30A58D-E6FA-4DFE-A1EC-023F1F627B6E}.Release|x86.ActiveCfg = Release|Any CPU
		{FD30A58D-E6FA-4DFE-A1EC-023F1F627B6E}.Release|x86.Build.0 = Release|Any CPU
		{00AF172A-31A7-458A-982E-C67380C7C839}.Debug|Any CPU.ActiveCfg = Debug|x86
		{00AF172A-31A7-458A-982E-C67380C7C839}.Debug|ARM.ActiveCfg = Debug|ARM
		{00AF172A-31A7-458A-982E-C67380C7C839}.Debug|ARM.Build.0 = Debug|ARM
		{00AF172A-31A7-458A-982E-C67380C7C839}.Debug|ARM.Deploy.0 = Debug|ARM
		{00AF172A-31A7-458A-982E-C67380C7C839}.Debug|iPhone.ActiveCfg = Debug|x86
		{00AF172A-31A7-458A-982E-C67380C7C839}.Debug|iPhoneSimulator.ActiveCfg = Debug|x86
		{00AF172A-31A7-458A-982E-C67380C7C839}.Debug|x64.ActiveCfg = Debug|x64
		{00AF172A-31A7-458A-982E-C67380C7C839}.Debug|x64.Build.0 = Debug|x64
		{00AF172A-31A7-458A-982E-C67380C7C839}.Debug|x64.Deploy.0 = Debug|x64
		{00AF172A-31A7-458A-982E-C67380C7C839}.Debug|x86.ActiveCfg = Debug|x86
		{00AF172A-31A7-458A-982E-C67380C7C839}.Debug|x86.Build.0 = Debug|x86
		{00AF172A-31A7-458A-982E-C67380C7C839}.Debug|x86.Deploy.0 = Debug|x86
		{00AF172A-31A7-458A-982E-C67380C7C839}.Release|Any CPU.ActiveCfg = Release|x86
		{00AF172A-31A7-458A-982E-C67380C7C839}.Release|ARM.ActiveCfg = Release|ARM
		{00AF172A-31A7-458A-982E-C67380C7C839}.Release|ARM.Build.0 = Release|ARM
		{00AF172A-31A7-458A-982E-C67380C7C839}.Release|ARM.Deploy.0 = Release|ARM
		{00AF172A-31A7-458A-982E-C67380C7C839}.Release|iPhone.ActiveCfg = Release|x86
		{00AF172A-31A7-458A-982E-C67380C7C839}.Release|iPhoneSimulator.ActiveCfg = Release|x86
		{00AF172A-31A7-458A-982E-C67380C7C839}.Release|x64.ActiveCfg = Release|x64
		{00AF172A-31A7-458A-982E-C67380C7C839}.Release|x64.Build.0 = Release|x64
		{00AF172A-31A7-458A-982E-C67380C7C839}.Release|x64.Deploy.0 = Release|x64
		{00AF172A-31A7-458A-982E-C67380C7C839}.Release|x86.ActiveCfg = Release|x86
		{00AF172A-31A7-458A-982E-C67380C7C839}.Release|x86.Build.0 = Release|x86
		{00AF172A-31A7-458A-982E-C67380C7C839}.Release|x86.Deploy.0 = Release|x86
		{FA93717C-BE13-4D66-8252-66EA9B662A45}.Debug|Any CPU.ActiveCfg = Debug|Any CPU
		{FA93717C-BE13-4D66-8252-66EA9B662A45}.Debug|Any CPU.Build.0 = Debug|Any CPU
		{FA93717C-BE13-4D66-8252-66EA9B662A45}.Debug|Any CPU.Deploy.0 = Debug|Any CPU
		{FA93717C-BE13-4D66-8252-66EA9B662A45}.Debug|ARM.ActiveCfg = Debug|Any CPU
		{FA93717C-BE13-4D66-8252-66EA9B662A45}.Debug|ARM.Build.0 = Debug|Any CPU
		{FA93717C-BE13-4D66-8252-66EA9B662A45}.Debug|ARM.Deploy.0 = Debug|Any CPU
		{FA93717C-BE13-4D66-8252-66EA9B662A45}.Debug|iPhone.ActiveCfg = Debug|Any CPU
		{FA93717C-BE13-4D66-8252-66EA9B662A45}.Debug|iPhone.Build.0 = Debug|Any CPU
		{FA93717C-BE13-4D66-8252-66EA9B662A45}.Debug|iPhone.Deploy.0 = Debug|Any CPU
		{FA93717C-BE13-4D66-8252-66EA9B662A45}.Debug|iPhoneSimulator.ActiveCfg = Debug|Any CPU
		{FA93717C-BE13-4D66-8252-66EA9B662A45}.Debug|iPhoneSimulator.Build.0 = Debug|Any CPU
		{FA93717C-BE13-4D66-8252-66EA9B662A45}.Debug|iPhoneSimulator.Deploy.0 = Debug|Any CPU
		{FA93717C-BE13-4D66-8252-66EA9B662A45}.Debug|x64.ActiveCfg = Debug|Any CPU
		{FA93717C-BE13-4D66-8252-66EA9B662A45}.Debug|x64.Build.0 = Debug|Any CPU
		{FA93717C-BE13-4D66-8252-66EA9B662A45}.Debug|x64.Deploy.0 = Debug|Any CPU
		{FA93717C-BE13-4D66-8252-66EA9B662A45}.Debug|x86.ActiveCfg = Debug|Any CPU
		{FA93717C-BE13-4D66-8252-66EA9B662A45}.Debug|x86.Build.0 = Debug|Any CPU
		{FA93717C-BE13-4D66-8252-66EA9B662A45}.Debug|x86.Deploy.0 = Debug|Any CPU
		{FA93717C-BE13-4D66-8252-66EA9B662A45}.Release|Any CPU.ActiveCfg = Release|Any CPU
		{FA93717C-BE13-4D66-8252-66EA9B662A45}.Release|Any CPU.Build.0 = Release|Any CPU
		{FA93717C-BE13-4D66-8252-66EA9B662A45}.Release|Any CPU.Deploy.0 = Release|Any CPU
		{FA93717C-BE13-4D66-8252-66EA9B662A45}.Release|ARM.ActiveCfg = Release|Any CPU
		{FA93717C-BE13-4D66-8252-66EA9B662A45}.Release|ARM.Build.0 = Release|Any CPU
		{FA93717C-BE13-4D66-8252-66EA9B662A45}.Release|ARM.Deploy.0 = Release|Any CPU
		{FA93717C-BE13-4D66-8252-66EA9B662A45}.Release|iPhone.ActiveCfg = Release|Any CPU
		{FA93717C-BE13-4D66-8252-66EA9B662A45}.Release|iPhone.Build.0 = Release|Any CPU
		{FA93717C-BE13-4D66-8252-66EA9B662A45}.Release|iPhone.Deploy.0 = Release|Any CPU
		{FA93717C-BE13-4D66-8252-66EA9B662A45}.Release|iPhoneSimulator.ActiveCfg = Release|Any CPU
		{FA93717C-BE13-4D66-8252-66EA9B662A45}.Release|iPhoneSimulator.Build.0 = Release|Any CPU
		{FA93717C-BE13-4D66-8252-66EA9B662A45}.Release|iPhoneSimulator.Deploy.0 = Release|Any CPU
		{FA93717C-BE13-4D66-8252-66EA9B662A45}.Release|x64.ActiveCfg = Release|Any CPU
		{FA93717C-BE13-4D66-8252-66EA9B662A45}.Release|x64.Build.0 = Release|Any CPU
		{FA93717C-BE13-4D66-8252-66EA9B662A45}.Release|x64.Deploy.0 = Release|Any CPU
		{FA93717C-BE13-4D66-8252-66EA9B662A45}.Release|x86.ActiveCfg = Release|Any CPU
		{FA93717C-BE13-4D66-8252-66EA9B662A45}.Release|x86.Build.0 = Release|Any CPU
		{FA93717C-BE13-4D66-8252-66EA9B662A45}.Release|x86.Deploy.0 = Release|Any CPU
		{F8E09EA7-86F6-4974-B4FE-184A6FEADBB9}.Debug|Any CPU.ActiveCfg = Debug|iPhone
		{F8E09EA7-86F6-4974-B4FE-184A6FEADBB9}.Debug|ARM.ActiveCfg = Debug|iPhone
		{F8E09EA7-86F6-4974-B4FE-184A6FEADBB9}.Debug|iPhone.ActiveCfg = Debug|iPhone
		{F8E09EA7-86F6-4974-B4FE-184A6FEADBB9}.Debug|iPhone.Build.0 = Debug|iPhone
		{F8E09EA7-86F6-4974-B4FE-184A6FEADBB9}.Debug|iPhoneSimulator.ActiveCfg = Debug|iPhoneSimulator
		{F8E09EA7-86F6-4974-B4FE-184A6FEADBB9}.Debug|iPhoneSimulator.Build.0 = Debug|iPhoneSimulator
		{F8E09EA7-86F6-4974-B4FE-184A6FEADBB9}.Debug|x64.ActiveCfg = Debug|iPhone
		{F8E09EA7-86F6-4974-B4FE-184A6FEADBB9}.Debug|x86.ActiveCfg = Debug|iPhone
		{F8E09EA7-86F6-4974-B4FE-184A6FEADBB9}.Release|Any CPU.ActiveCfg = Release|iPhone
		{F8E09EA7-86F6-4974-B4FE-184A6FEADBB9}.Release|ARM.ActiveCfg = Release|iPhone
		{F8E09EA7-86F6-4974-B4FE-184A6FEADBB9}.Release|iPhone.ActiveCfg = Release|iPhone
		{F8E09EA7-86F6-4974-B4FE-184A6FEADBB9}.Release|iPhone.Build.0 = Release|iPhone
		{F8E09EA7-86F6-4974-B4FE-184A6FEADBB9}.Release|iPhoneSimulator.ActiveCfg = Release|iPhoneSimulator
		{F8E09EA7-86F6-4974-B4FE-184A6FEADBB9}.Release|iPhoneSimulator.Build.0 = Release|iPhoneSimulator
		{F8E09EA7-86F6-4974-B4FE-184A6FEADBB9}.Release|x64.ActiveCfg = Release|iPhone
		{F8E09EA7-86F6-4974-B4FE-184A6FEADBB9}.Release|x86.ActiveCfg = Release|iPhone
		{458981D0-1B1B-495E-9055-36285EE8F468}.Debug|Any CPU.ActiveCfg = Debug|Any CPU
		{458981D0-1B1B-495E-9055-36285EE8F468}.Debug|Any CPU.Build.0 = Debug|Any CPU
		{458981D0-1B1B-495E-9055-36285EE8F468}.Debug|ARM.ActiveCfg = Debug|Any CPU
		{458981D0-1B1B-495E-9055-36285EE8F468}.Debug|ARM.Build.0 = Debug|Any CPU
		{458981D0-1B1B-495E-9055-36285EE8F468}.Debug|iPhone.ActiveCfg = Debug|Any CPU
		{458981D0-1B1B-495E-9055-36285EE8F468}.Debug|iPhone.Build.0 = Debug|Any CPU
		{458981D0-1B1B-495E-9055-36285EE8F468}.Debug|iPhoneSimulator.ActiveCfg = Debug|Any CPU
		{458981D0-1B1B-495E-9055-36285EE8F468}.Debug|iPhoneSimulator.Build.0 = Debug|Any CPU
		{458981D0-1B1B-495E-9055-36285EE8F468}.Debug|x64.ActiveCfg = Debug|Any CPU
		{458981D0-1B1B-495E-9055-36285EE8F468}.Debug|x64.Build.0 = Debug|Any CPU
		{458981D0-1B1B-495E-9055-36285EE8F468}.Debug|x86.ActiveCfg = Debug|Any CPU
		{458981D0-1B1B-495E-9055-36285EE8F468}.Debug|x86.Build.0 = Debug|Any CPU
		{458981D0-1B1B-495E-9055-36285EE8F468}.Release|Any CPU.ActiveCfg = Release|Any CPU
		{458981D0-1B1B-495E-9055-36285EE8F468}.Release|Any CPU.Build.0 = Release|Any CPU
		{458981D0-1B1B-495E-9055-36285EE8F468}.Release|ARM.ActiveCfg = Release|Any CPU
		{458981D0-1B1B-495E-9055-36285EE8F468}.Release|ARM.Build.0 = Release|Any CPU
		{458981D0-1B1B-495E-9055-36285EE8F468}.Release|iPhone.ActiveCfg = Release|Any CPU
		{458981D0-1B1B-495E-9055-36285EE8F468}.Release|iPhone.Build.0 = Release|Any CPU
		{458981D0-1B1B-495E-9055-36285EE8F468}.Release|iPhoneSimulator.ActiveCfg = Release|Any CPU
		{458981D0-1B1B-495E-9055-36285EE8F468}.Release|iPhoneSimulator.Build.0 = Release|Any CPU
		{458981D0-1B1B-495E-9055-36285EE8F468}.Release|x64.ActiveCfg = Release|Any CPU
		{458981D0-1B1B-495E-9055-36285EE8F468}.Release|x64.Build.0 = Release|Any CPU
		{458981D0-1B1B-495E-9055-36285EE8F468}.Release|x86.ActiveCfg = Release|Any CPU
		{458981D0-1B1B-495E-9055-36285EE8F468}.Release|x86.Build.0 = Release|Any CPU
		{234BC592-135E-415D-941D-A6B80C324674}.Debug|Any CPU.ActiveCfg = Debug|Any CPU
		{234BC592-135E-415D-941D-A6B80C324674}.Debug|Any CPU.Build.0 = Debug|Any CPU
		{234BC592-135E-415D-941D-A6B80C324674}.Debug|ARM.ActiveCfg = Debug|Any CPU
		{234BC592-135E-415D-941D-A6B80C324674}.Debug|ARM.Build.0 = Debug|Any CPU
		{234BC592-135E-415D-941D-A6B80C324674}.Debug|iPhone.ActiveCfg = Debug|Any CPU
		{234BC592-135E-415D-941D-A6B80C324674}.Debug|iPhone.Build.0 = Debug|Any CPU
		{234BC592-135E-415D-941D-A6B80C324674}.Debug|iPhoneSimulator.ActiveCfg = Debug|Any CPU
		{234BC592-135E-415D-941D-A6B80C324674}.Debug|iPhoneSimulator.Build.0 = Debug|Any CPU
		{234BC592-135E-415D-941D-A6B80C324674}.Debug|x64.ActiveCfg = Debug|Any CPU
		{234BC592-135E-415D-941D-A6B80C324674}.Debug|x64.Build.0 = Debug|Any CPU
		{234BC592-135E-415D-941D-A6B80C324674}.Debug|x86.ActiveCfg = Debug|Any CPU
		{234BC592-135E-415D-941D-A6B80C324674}.Debug|x86.Build.0 = Debug|Any CPU
		{234BC592-135E-415D-941D-A6B80C324674}.Release|Any CPU.ActiveCfg = Release|Any CPU
		{234BC592-135E-415D-941D-A6B80C324674}.Release|Any CPU.Build.0 = Release|Any CPU
		{234BC592-135E-415D-941D-A6B80C324674}.Release|ARM.ActiveCfg = Release|Any CPU
		{234BC592-135E-415D-941D-A6B80C324674}.Release|ARM.Build.0 = Release|Any CPU
		{234BC592-135E-415D-941D-A6B80C324674}.Release|iPhone.ActiveCfg = Release|Any CPU
		{234BC592-135E-415D-941D-A6B80C324674}.Release|iPhone.Build.0 = Release|Any CPU
		{234BC592-135E-415D-941D-A6B80C324674}.Release|iPhoneSimulator.ActiveCfg = Release|Any CPU
		{234BC592-135E-415D-941D-A6B80C324674}.Release|iPhoneSimulator.Build.0 = Release|Any CPU
		{234BC592-135E-415D-941D-A6B80C324674}.Release|x64.ActiveCfg = Release|Any CPU
		{234BC592-135E-415D-941D-A6B80C324674}.Release|x64.Build.0 = Release|Any CPU
		{234BC592-135E-415D-941D-A6B80C324674}.Release|x86.ActiveCfg = Release|Any CPU
		{234BC592-135E-415D-941D-A6B80C324674}.Release|x86.Build.0 = Release|Any CPU
	EndGlobalSection
	GlobalSection(SolutionProperties) = preSolution
		HideSolutionNode = FALSE
	EndGlobalSection
	GlobalSection(NestedProjects) = preSolution
		{1AE05A21-90C7-493A-9BFC-F53D8F58FB2A} = {CA6C65A0-E618-4907-9013-B3CCB372C47F}
		{00AF172A-31A7-458A-982E-C67380C7C839} = {1AE05A21-90C7-493A-9BFC-F53D8F58FB2A}
		{FA93717C-BE13-4D66-8252-66EA9B662A45} = {1AE05A21-90C7-493A-9BFC-F53D8F58FB2A}
		{F8E09EA7-86F6-4974-B4FE-184A6FEADBB9} = {1AE05A21-90C7-493A-9BFC-F53D8F58FB2A}
		{458981D0-1B1B-495E-9055-36285EE8F468} = {1AE05A21-90C7-493A-9BFC-F53D8F58FB2A}
		{234BC592-135E-415D-941D-A6B80C324674} = {CA6C65A0-E618-4907-9013-B3CCB372C47F}
	EndGlobalSection
	GlobalSection(ExtensibilityGlobals) = postSolution
		SolutionGuid = {E7E9717E-D1DA-4B94-855A-D6FCCC2CEC3A}
	EndGlobalSection
EndGlobal
